
Microsoft Visual Studio Solution File, Format Version 12.00
# Visual Studio 14
VisualStudioVersion = 14.0.25420.1
MinimumVisualStudioVersion = 10.0.40219.1
Project("{2150E333-8FDC-42A3-9474-1A3956D46DE8}") = "01. Multi-Threading", "01. Multi-Threading", "{8AF3731B-06BF-4771-AB86-C9C2DC7DDA5E}"
	ProjectSection(SolutionItems) = preProject
		01. Multi-Threading\ReadMe.txt = 01. Multi-Threading\ReadMe.txt
	EndProjectSection
EndProject
Project("{FAE04EC0-301F-11D3-BF4B-00C04F79EFBC}") = "Multithreading.Console", "01. Multi-Threading\Multithreading.Console\Multithreading.Console.csproj", "{455DA848-E2EB-49CE-807C-3BD7846A376A}"
EndProject
Project("{FAE04EC0-301F-11D3-BF4B-00C04F79EFBC}") = "Multithreading.Tests", "01. Multi-Threading\Multithreading.Tests\Multithreading.Tests.csproj", "{4CEE62D8-D4C8-4CD3-B336-045718A6370D}"
EndProject
Project("{FAE04EC0-301F-11D3-BF4B-00C04F79EFBC}") = "AsyncAwait.WPF", "01. Multi-Threading\AsyncAwait.WPF\AsyncAwait.WPF.csproj", "{3EBA8783-EC05-41EE-A477-9212AC7F21A3}"
EndProject
Project("{2150E333-8FDC-42A3-9474-1A3956D46DE8}") = "02. Expressions and IQueryable", "02. Expressions and IQueryable", "{2FDD6307-D051-4C77-B015-64F9D7532C74}"
	ProjectSection(SolutionItems) = preProject
		02. Expressions and IQueryable\ReadMe.txt = 02. Expressions and IQueryable\ReadMe.txt
	EndProjectSection
EndProject
Project("{FAE04EC0-301F-11D3-BF4B-00C04F79EFBC}") = "IQueryableExample", "02. Expressions and IQueryable\IQueryableExample\IQueryableExample.csproj", "{F1698DBA-D83D-4395-8F9E-69A72878D257}"
EndProject
Project("{FAE04EC0-301F-11D3-BF4B-00C04F79EFBC}") = "ExpressionTreeExample", "02. Expressions and IQueryable\ExpressionTreeExample\ExpressionTreeExample.csproj", "{79BFE51A-88EF-447F-8B57-49F3E4BC7D39}"
EndProject
Project("{2150E333-8FDC-42A3-9474-1A3956D46DE8}") = "03. Interoperating with Unmanaged Code", "03. Interoperating with Unmanaged Code", "{EC85650C-880E-4A8D-B92A-6609C99B07B5}"
	ProjectSection(SolutionItems) = preProject
		03. Interoperating with Unmanaged Code\powerManagementService_test.js = 03. Interoperating with Unmanaged Code\powerManagementService_test.js
		03. Interoperating with Unmanaged Code\powerManagementService_test_hibernate.js = 03. Interoperating with Unmanaged Code\powerManagementService_test_hibernate.js
		03. Interoperating with Unmanaged Code\powerManagementService_test_reserve_hiber_file.js = 03. Interoperating with Unmanaged Code\powerManagementService_test_reserve_hiber_file.js
		03. Interoperating with Unmanaged Code\powerManagementService_test_sleep.js = 03. Interoperating with Unmanaged Code\powerManagementService_test_sleep.js
		03. Interoperating with Unmanaged Code\ReadMe.txt = 03. Interoperating with Unmanaged Code\ReadMe.txt
	EndProjectSection
EndProject
Project("{FAE04EC0-301F-11D3-BF4B-00C04F79EFBC}") = "UnmanagedCode.PowerManagement", "03. Interoperating with Unmanaged Code\UnmanagedCode.PowerManagement\UnmanagedCode.PowerManagement.csproj", "{6E1A45AF-2FEA-4897-BF75-94AB4A8FB54D}"
EndProject
Project("{FAE04EC0-301F-11D3-BF4B-00C04F79EFBC}") = "UnmanagedCode.PowerManagement.Tests", "03. Interoperating with Unmanaged Code\UnmanagedCode.PowerManagement.Tests\UnmanagedCode.PowerManagement.Tests.csproj", "{2901EA24-9EF8-47FE-AE86-D3C9CE86A083}"
EndProject
Project("{2150E333-8FDC-42A3-9474-1A3956D46DE8}") = "04. Windows Services", "04. Windows Services", "{D6E0A0F3-F32C-4641-BE1D-35F28F15E3B3}"
	ProjectSection(SolutionItems) = preProject
		04. Windows Services\ReadMe.txt = 04. Windows Services\ReadMe.txt
	EndProjectSection
EndProject
Project("{FAE04EC0-301F-11D3-BF4B-00C04F79EFBC}") = "WindowsService.FileHandler", "04. Windows Services\WindowsService.FileHandler\WindowsService.FileHandler.csproj", "{5AA06243-CC8B-4FFE-A13D-050BA145B5AD}"
EndProject
Project("{2150E333-8FDC-42A3-9474-1A3956D46DE8}") = "05. Message Queues", "05. Message Queues", "{C1A409BE-C565-4290-92EA-75F65F22D17C}"
	ProjectSection(SolutionItems) = preProject
		05. Message Queues\ReadMe.txt = 05. Message Queues\ReadMe.txt
	EndProjectSection
EndProject
Project("{FAE04EC0-301F-11D3-BF4B-00C04F79EFBC}") = "MSMQ.StreamScanning", "05. Message Queues\MSMQ.StreamScanning\MSMQ.StreamScanning.csproj", "{10B98E97-10AB-4CF6-9E21-642A119A84EB}"
EndProject
Project("{FAE04EC0-301F-11D3-BF4B-00C04F79EFBC}") = "MSMQ.StreamScanning.CentralService", "05. Message Queues\MSMQ.StreamScanning.CentralService\MSMQ.StreamScanning.CentralService.csproj", "{1A5B7ACB-BD90-48B9-853C-AA7995DB045E}"
EndProject
Project("{FAE04EC0-301F-11D3-BF4B-00C04F79EFBC}") = "MSMQ.StreamScanning.Common", "05. Message Queues\MSMQ.StreamScanning.Common\MSMQ.StreamScanning.Common.csproj", "{CBD41458-9337-4F90-89B6-41A33C1F2CFB}"
EndProject
Project("{2150E333-8FDC-42A3-9474-1A3956D46DE8}") = "06. Advanced XML", "06. Advanced XML", "{03286D29-C4B7-4E33-8828-B7570CD5DCB9}"
	ProjectSection(SolutionItems) = preProject
		06. Advanced XML\ReadMe.txt = 06. Advanced XML\ReadMe.txt
	EndProjectSection
EndProject
Project("{FAE04EC0-301F-11D3-BF4B-00C04F79EFBC}") = "AdvancedXml", "06. Advanced XML\AdvancedXml\AdvancedXml.csproj", "{AB25DF74-2BDF-43BE-A9FE-94A2931C6309}"
EndProject
Project("{FAE04EC0-301F-11D3-BF4B-00C04F79EFBC}") = "AdvancedXml.Tests", "06. Advanced XML\AdvancedXml.Tests\AdvancedXml.Tests.csproj", "{B468151D-81E1-4F63-91E7-238766D582F9}"
EndProject
Project("{2150E333-8FDC-42A3-9474-1A3956D46DE8}") = "07. Debugging", "07. Debugging", "{03B2B3F2-7269-4A7A-BA44-A0D13D1C73B5}"
	ProjectSection(SolutionItems) = preProject
		07. Debugging\CrackMe.exe = 07. Debugging\CrackMe.exe
		07. Debugging\ReadMe.txt = 07. Debugging\ReadMe.txt
	EndProjectSection
EndProject
Project("{FAE04EC0-301F-11D3-BF4B-00C04F79EFBC}") = "CrackMe.CodeGenerator", "07. Debugging\CrackMe.CodeGenerator\CrackMe.CodeGenerator.csproj", "{A93167A5-4E1C-4CDC-A3B2-60F9DA745682}"
EndProject
Project("{2150E333-8FDC-42A3-9474-1A3956D46DE8}") = "08. Profiling and Optimization", "08. Profiling and Optimization", "{98CC17E3-333F-41EF-AB4D-82A233FC9548}"
	ProjectSection(SolutionItems) = preProject
		08. Profiling and Optimization\ReadMe.txt = 08. Profiling and Optimization\ReadMe.txt
	EndProjectSection
EndProject
Project("{FAE04EC0-301F-11D3-BF4B-00C04F79EFBC}") = "PasswordHashGenerator.Tests", "08. Profiling and Optimization\PasswordHashGenerator.Tests\PasswordHashGenerator.Tests.csproj", "{892A6E46-B53B-4A4F-B16E-7F6B16088975}"
EndProject
Project("{FAE04EC0-301F-11D3-BF4B-00C04F79EFBC}") = "ProfileSample", "08. Profiling and Optimization\ProfileSample\ProfileSample.csproj", "{FF559A2F-212A-4C6B-8408-4C44C49E321D}"
EndProject
Project("{2150E333-8FDC-42A3-9474-1A3956D46DE8}") = "DumpHomework", "DumpHomework", "{0FD2EF13-AA5C-4291-96EB-4FA875E85A8A}"
	ProjectSection(SolutionItems) = preProject
		08. Profiling and Optimization\DumpHomework\MyCalculator.exe = 08. Profiling and Optimization\DumpHomework\MyCalculator.exe
		08. Profiling and Optimization\DumpHomework\MyCalculator_v2.exe = 08. Profiling and Optimization\DumpHomework\MyCalculator_v2.exe
	EndProjectSection
EndProject
Project("{FAE04EC0-301F-11D3-BF4B-00C04F79EFBC}") = "GameOfLife", "08. Profiling and Optimization\GameOfLife\GameOfLife.csproj", "{BDFD7BAE-9744-44C4-8259-B3757F24B245}"
EndProject
Project("{2150E333-8FDC-42A3-9474-1A3956D46DE8}") = "09. Aspect-oriented programming", "09. Aspect-oriented programming", "{C512EEFA-824F-4F48-8282-42BCA2AD3116}"
	ProjectSection(SolutionItems) = preProject
		09. Aspect-oriented programming\ReadMe.txt = 09. Aspect-oriented programming\ReadMe.txt
	EndProjectSection
EndProject
Project("{FAE04EC0-301F-11D3-BF4B-00C04F79EFBC}") = "AOP.WindowsService.FileHandler", "09. Aspect-oriented programming\AOP.WindowsService.FileHandler\AOP.WindowsService.FileHandler.csproj", "{7E2497FB-BA28-41CA-B134-1E74DC0247A7}"
EndProject
Global
	GlobalSection(SolutionConfigurationPlatforms) = preSolution
		Debug|Any CPU = Debug|Any CPU
		Release|Any CPU = Release|Any CPU
	EndGlobalSection
	GlobalSection(ProjectConfigurationPlatforms) = postSolution
		{455DA848-E2EB-49CE-807C-3BD7846A376A}.Debug|Any CPU.ActiveCfg = Debug|Any CPU
		{455DA848-E2EB-49CE-807C-3BD7846A376A}.Debug|Any CPU.Build.0 = Debug|Any CPU
		{455DA848-E2EB-49CE-807C-3BD7846A376A}.Release|Any CPU.ActiveCfg = Release|Any CPU
		{455DA848-E2EB-49CE-807C-3BD7846A376A}.Release|Any CPU.Build.0 = Release|Any CPU
		{4CEE62D8-D4C8-4CD3-B336-045718A6370D}.Debug|Any CPU.ActiveCfg = Debug|Any CPU
		{4CEE62D8-D4C8-4CD3-B336-045718A6370D}.Debug|Any CPU.Build.0 = Debug|Any CPU
		{4CEE62D8-D4C8-4CD3-B336-045718A6370D}.Release|Any CPU.ActiveCfg = Release|Any CPU
		{4CEE62D8-D4C8-4CD3-B336-045718A6370D}.Release|Any CPU.Build.0 = Release|Any CPU
		{3EBA8783-EC05-41EE-A477-9212AC7F21A3}.Debug|Any CPU.ActiveCfg = Debug|Any CPU
		{3EBA8783-EC05-41EE-A477-9212AC7F21A3}.Debug|Any CPU.Build.0 = Debug|Any CPU
		{3EBA8783-EC05-41EE-A477-9212AC7F21A3}.Release|Any CPU.ActiveCfg = Release|Any CPU
		{3EBA8783-EC05-41EE-A477-9212AC7F21A3}.Release|Any CPU.Build.0 = Release|Any CPU
		{F1698DBA-D83D-4395-8F9E-69A72878D257}.Debug|Any CPU.ActiveCfg = Debug|Any CPU
		{F1698DBA-D83D-4395-8F9E-69A72878D257}.Debug|Any CPU.Build.0 = Debug|Any CPU
		{F1698DBA-D83D-4395-8F9E-69A72878D257}.Release|Any CPU.ActiveCfg = Release|Any CPU
		{F1698DBA-D83D-4395-8F9E-69A72878D257}.Release|Any CPU.Build.0 = Release|Any CPU
		{79BFE51A-88EF-447F-8B57-49F3E4BC7D39}.Debug|Any CPU.ActiveCfg = Debug|Any CPU
		{79BFE51A-88EF-447F-8B57-49F3E4BC7D39}.Debug|Any CPU.Build.0 = Debug|Any CPU
		{79BFE51A-88EF-447F-8B57-49F3E4BC7D39}.Release|Any CPU.ActiveCfg = Release|Any CPU
		{79BFE51A-88EF-447F-8B57-49F3E4BC7D39}.Release|Any CPU.Build.0 = Release|Any CPU
		{6E1A45AF-2FEA-4897-BF75-94AB4A8FB54D}.Debug|Any CPU.ActiveCfg = Debug|Any CPU
		{6E1A45AF-2FEA-4897-BF75-94AB4A8FB54D}.Debug|Any CPU.Build.0 = Debug|Any CPU
		{6E1A45AF-2FEA-4897-BF75-94AB4A8FB54D}.Release|Any CPU.ActiveCfg = Release|Any CPU
		{6E1A45AF-2FEA-4897-BF75-94AB4A8FB54D}.Release|Any CPU.Build.0 = Release|Any CPU
		{2901EA24-9EF8-47FE-AE86-D3C9CE86A083}.Debug|Any CPU.ActiveCfg = Debug|Any CPU
		{2901EA24-9EF8-47FE-AE86-D3C9CE86A083}.Debug|Any CPU.Build.0 = Debug|Any CPU
		{2901EA24-9EF8-47FE-AE86-D3C9CE86A083}.Release|Any CPU.ActiveCfg = Release|Any CPU
		{2901EA24-9EF8-47FE-AE86-D3C9CE86A083}.Release|Any CPU.Build.0 = Release|Any CPU
		{5AA06243-CC8B-4FFE-A13D-050BA145B5AD}.Debug|Any CPU.ActiveCfg = Debug|Any CPU
		{5AA06243-CC8B-4FFE-A13D-050BA145B5AD}.Debug|Any CPU.Build.0 = Debug|Any CPU
		{5AA06243-CC8B-4FFE-A13D-050BA145B5AD}.Release|Any CPU.ActiveCfg = Release|Any CPU
		{5AA06243-CC8B-4FFE-A13D-050BA145B5AD}.Release|Any CPU.Build.0 = Release|Any CPU
		{10B98E97-10AB-4CF6-9E21-642A119A84EB}.Debug|Any CPU.ActiveCfg = Debug|Any CPU
		{10B98E97-10AB-4CF6-9E21-642A119A84EB}.Debug|Any CPU.Build.0 = Debug|Any CPU
		{10B98E97-10AB-4CF6-9E21-642A119A84EB}.Release|Any CPU.ActiveCfg = Release|Any CPU
		{10B98E97-10AB-4CF6-9E21-642A119A84EB}.Release|Any CPU.Build.0 = Release|Any CPU
		{1A5B7ACB-BD90-48B9-853C-AA7995DB045E}.Debug|Any CPU.ActiveCfg = Debug|Any CPU
		{1A5B7ACB-BD90-48B9-853C-AA7995DB045E}.Debug|Any CPU.Build.0 = Debug|Any CPU
		{1A5B7ACB-BD90-48B9-853C-AA7995DB045E}.Release|Any CPU.ActiveCfg = Release|Any CPU
		{1A5B7ACB-BD90-48B9-853C-AA7995DB045E}.Release|Any CPU.Build.0 = Release|Any CPU
		{CBD41458-9337-4F90-89B6-41A33C1F2CFB}.Debug|Any CPU.ActiveCfg = Debug|Any CPU
		{CBD41458-9337-4F90-89B6-41A33C1F2CFB}.Debug|Any CPU.Build.0 = Debug|Any CPU
		{CBD41458-9337-4F90-89B6-41A33C1F2CFB}.Release|Any CPU.ActiveCfg = Release|Any CPU
		{CBD41458-9337-4F90-89B6-41A33C1F2CFB}.Release|Any CPU.Build.0 = Release|Any CPU
		{AB25DF74-2BDF-43BE-A9FE-94A2931C6309}.Debug|Any CPU.ActiveCfg = Debug|Any CPU
		{AB25DF74-2BDF-43BE-A9FE-94A2931C6309}.Debug|Any CPU.Build.0 = Debug|Any CPU
		{AB25DF74-2BDF-43BE-A9FE-94A2931C6309}.Release|Any CPU.ActiveCfg = Release|Any CPU
		{AB25DF74-2BDF-43BE-A9FE-94A2931C6309}.Release|Any CPU.Build.0 = Release|Any CPU
		{B468151D-81E1-4F63-91E7-238766D582F9}.Debug|Any CPU.ActiveCfg = Debug|Any CPU
		{B468151D-81E1-4F63-91E7-238766D582F9}.Debug|Any CPU.Build.0 = Debug|Any CPU
		{B468151D-81E1-4F63-91E7-238766D582F9}.Release|Any CPU.ActiveCfg = Release|Any CPU
		{B468151D-81E1-4F63-91E7-238766D582F9}.Release|Any CPU.Build.0 = Release|Any CPU
		{A93167A5-4E1C-4CDC-A3B2-60F9DA745682}.Debug|Any CPU.ActiveCfg = Debug|Any CPU
		{A93167A5-4E1C-4CDC-A3B2-60F9DA745682}.Debug|Any CPU.Build.0 = Debug|Any CPU
		{A93167A5-4E1C-4CDC-A3B2-60F9DA745682}.Release|Any CPU.ActiveCfg = Release|Any CPU
		{A93167A5-4E1C-4CDC-A3B2-60F9DA745682}.Release|Any CPU.Build.0 = Release|Any CPU
		{892A6E46-B53B-4A4F-B16E-7F6B16088975}.Debug|Any CPU.ActiveCfg = Debug|Any CPU
		{892A6E46-B53B-4A4F-B16E-7F6B16088975}.Debug|Any CPU.Build.0 = Debug|Any CPU
		{892A6E46-B53B-4A4F-B16E-7F6B16088975}.Release|Any CPU.ActiveCfg = Release|Any CPU
		{892A6E46-B53B-4A4F-B16E-7F6B16088975}.Release|Any CPU.Build.0 = Release|Any CPU
		{FF559A2F-212A-4C6B-8408-4C44C49E321D}.Debug|Any CPU.ActiveCfg = Debug|Any CPU
		{FF559A2F-212A-4C6B-8408-4C44C49E321D}.Debug|Any CPU.Build.0 = Debug|Any CPU
		{FF559A2F-212A-4C6B-8408-4C44C49E321D}.Release|Any CPU.ActiveCfg = Release|Any CPU
		{FF559A2F-212A-4C6B-8408-4C44C49E321D}.Release|Any CPU.Build.0 = Release|Any CPU
		{BDFD7BAE-9744-44C4-8259-B3757F24B245}.Debug|Any CPU.ActiveCfg = Debug|Any CPU
		{BDFD7BAE-9744-44C4-8259-B3757F24B245}.Debug|Any CPU.Build.0 = Debug|Any CPU
		{BDFD7BAE-9744-44C4-8259-B3757F24B245}.Release|Any CPU.ActiveCfg = Release|Any CPU
		{BDFD7BAE-9744-44C4-8259-B3757F24B245}.Release|Any CPU.Build.0 = Release|Any CPU
		{7E2497FB-BA28-41CA-B134-1E74DC0247A7}.Debug|Any CPU.ActiveCfg = Debug|Any CPU
		{7E2497FB-BA28-41CA-B134-1E74DC0247A7}.Debug|Any CPU.Build.0 = Debug|Any CPU
		{7E2497FB-BA28-41CA-B134-1E74DC0247A7}.Release|Any CPU.ActiveCfg = Release|Any CPU
		{7E2497FB-BA28-41CA-B134-1E74DC0247A7}.Release|Any CPU.Build.0 = Release|Any CPU
	EndGlobalSection
	GlobalSection(SolutionProperties) = preSolution
		HideSolutionNode = FALSE
	EndGlobalSection
	GlobalSection(NestedProjects) = preSolution
		{455DA848-E2EB-49CE-807C-3BD7846A376A} = {8AF3731B-06BF-4771-AB86-C9C2DC7DDA5E}
		{4CEE62D8-D4C8-4CD3-B336-045718A6370D} = {8AF3731B-06BF-4771-AB86-C9C2DC7DDA5E}
		{3EBA8783-EC05-41EE-A477-9212AC7F21A3} = {8AF3731B-06BF-4771-AB86-C9C2DC7DDA5E}
		{F1698DBA-D83D-4395-8F9E-69A72878D257} = {2FDD6307-D051-4C77-B015-64F9D7532C74}
		{79BFE51A-88EF-447F-8B57-49F3E4BC7D39} = {2FDD6307-D051-4C77-B015-64F9D7532C74}
		{6E1A45AF-2FEA-4897-BF75-94AB4A8FB54D} = {EC85650C-880E-4A8D-B92A-6609C99B07B5}
		{2901EA24-9EF8-47FE-AE86-D3C9CE86A083} = {EC85650C-880E-4A8D-B92A-6609C99B07B5}
		{5AA06243-CC8B-4FFE-A13D-050BA145B5AD} = {D6E0A0F3-F32C-4641-BE1D-35F28F15E3B3}
		{10B98E97-10AB-4CF6-9E21-642A119A84EB} = {C1A409BE-C565-4290-92EA-75F65F22D17C}
		{1A5B7ACB-BD90-48B9-853C-AA7995DB045E} = {C1A409BE-C565-4290-92EA-75F65F22D17C}
		{CBD41458-9337-4F90-89B6-41A33C1F2CFB} = {C1A409BE-C565-4290-92EA-75F65F22D17C}
		{AB25DF74-2BDF-43BE-A9FE-94A2931C6309} = {03286D29-C4B7-4E33-8828-B7570CD5DCB9}
		{B468151D-81E1-4F63-91E7-238766D582F9} = {03286D29-C4B7-4E33-8828-B7570CD5DCB9}
		{A93167A5-4E1C-4CDC-A3B2-60F9DA745682} = {03B2B3F2-7269-4A7A-BA44-A0D13D1C73B5}
		{892A6E46-B53B-4A4F-B16E-7F6B16088975} = {98CC17E3-333F-41EF-AB4D-82A233FC9548}
		{FF559A2F-212A-4C6B-8408-4C44C49E321D} = {98CC17E3-333F-41EF-AB4D-82A233FC9548}
		{0FD2EF13-AA5C-4291-96EB-4FA875E85A8A} = {98CC17E3-333F-41EF-AB4D-82A233FC9548}
		{BDFD7BAE-9744-44C4-8259-B3757F24B245} = {98CC17E3-333F-41EF-AB4D-82A233FC9548}
		{7E2497FB-BA28-41CA-B134-1E74DC0247A7} = {C512EEFA-824F-4F48-8282-42BCA2AD3116}
	EndGlobalSection
EndGlobal
