
Microsoft Visual Studio Solution File, Format Version 12.00
# Visual Studio 14
VisualStudioVersion = 14.0.25420.1
MinimumVisualStudioVersion = 10.0.40219.1
Project("{2150E333-8FDC-42A3-9474-1A3956D46DE8}") = "01. Multi-Threading", "01. Multi-Threading", "{8AF3731B-06BF-4771-AB86-C9C2DC7DDA5E}"
	ProjectSection(SolutionItems) = preProject
		01. Multi-Threading\ReadMe.txt = 01. Multi-Threading\ReadMe.txt
	EndProjectSection
EndProject
Project("{FAE04EC0-301F-11D3-BF4B-00C04F79EFBC}") = "Multithreading.Console", "01. Multi-Threading\Multithreading.Console\Multithreading.Console.csproj", "{455DA848-E2EB-49CE-807C-3BD7846A376A}"
EndProject
Project("{FAE04EC0-301F-11D3-BF4B-00C04F79EFBC}") = "Multithreading.Tests", "01. Multi-Threading\Multithreading.Tests\Multithreading.Tests.csproj", "{4CEE62D8-D4C8-4CD3-B336-045718A6370D}"
EndProject
Project("{FAE04EC0-301F-11D3-BF4B-00C04F79EFBC}") = "AsyncAwait.WPF", "01. Multi-Threading\AsyncAwait.WPF\AsyncAwait.WPF.csproj", "{3EBA8783-EC05-41EE-A477-9212AC7F21A3}"
EndProject
Project("{2150E333-8FDC-42A3-9474-1A3956D46DE8}") = "02. Expressions and IQueryable", "02. Expressions and IQueryable", "{2FDD6307-D051-4C77-B015-64F9D7532C74}"
EndProject
Project("{FAE04EC0-301F-11D3-BF4B-00C04F79EFBC}") = "IQueryableExample.ConsoleApp", "02. Expressions and IQueryable\IQueryableExample.ConsoleApp\IQueryableExample.ConsoleApp.csproj", "{82CCD6A5-4A2A-440F-9DA0-241B5A56F050}"
EndProject
Global
	GlobalSection(SolutionConfigurationPlatforms) = preSolution
		Debug|Any CPU = Debug|Any CPU
		Release|Any CPU = Release|Any CPU
	EndGlobalSection
	GlobalSection(ProjectConfigurationPlatforms) = postSolution
		{455DA848-E2EB-49CE-807C-3BD7846A376A}.Debug|Any CPU.ActiveCfg = Debug|Any CPU
		{455DA848-E2EB-49CE-807C-3BD7846A376A}.Debug|Any CPU.Build.0 = Debug|Any CPU
		{455DA848-E2EB-49CE-807C-3BD7846A376A}.Release|Any CPU.ActiveCfg = Release|Any CPU
		{455DA848-E2EB-49CE-807C-3BD7846A376A}.Release|Any CPU.Build.0 = Release|Any CPU
		{4CEE62D8-D4C8-4CD3-B336-045718A6370D}.Debug|Any CPU.ActiveCfg = Debug|Any CPU
		{4CEE62D8-D4C8-4CD3-B336-045718A6370D}.Debug|Any CPU.Build.0 = Debug|Any CPU
		{4CEE62D8-D4C8-4CD3-B336-045718A6370D}.Release|Any CPU.ActiveCfg = Release|Any CPU
		{4CEE62D8-D4C8-4CD3-B336-045718A6370D}.Release|Any CPU.Build.0 = Release|Any CPU
		{3EBA8783-EC05-41EE-A477-9212AC7F21A3}.Debug|Any CPU.ActiveCfg = Debug|Any CPU
		{3EBA8783-EC05-41EE-A477-9212AC7F21A3}.Debug|Any CPU.Build.0 = Debug|Any CPU
		{3EBA8783-EC05-41EE-A477-9212AC7F21A3}.Release|Any CPU.ActiveCfg = Release|Any CPU
		{3EBA8783-EC05-41EE-A477-9212AC7F21A3}.Release|Any CPU.Build.0 = Release|Any CPU
		{82CCD6A5-4A2A-440F-9DA0-241B5A56F050}.Debug|Any CPU.ActiveCfg = Debug|Any CPU
		{82CCD6A5-4A2A-440F-9DA0-241B5A56F050}.Debug|Any CPU.Build.0 = Debug|Any CPU
		{82CCD6A5-4A2A-440F-9DA0-241B5A56F050}.Release|Any CPU.ActiveCfg = Release|Any CPU
		{82CCD6A5-4A2A-440F-9DA0-241B5A56F050}.Release|Any CPU.Build.0 = Release|Any CPU
	EndGlobalSection
	GlobalSection(SolutionProperties) = preSolution
		HideSolutionNode = FALSE
	EndGlobalSection
	GlobalSection(NestedProjects) = preSolution
		{455DA848-E2EB-49CE-807C-3BD7846A376A} = {8AF3731B-06BF-4771-AB86-C9C2DC7DDA5E}
		{4CEE62D8-D4C8-4CD3-B336-045718A6370D} = {8AF3731B-06BF-4771-AB86-C9C2DC7DDA5E}
		{3EBA8783-EC05-41EE-A477-9212AC7F21A3} = {8AF3731B-06BF-4771-AB86-C9C2DC7DDA5E}
		{82CCD6A5-4A2A-440F-9DA0-241B5A56F050} = {2FDD6307-D051-4C77-B015-64F9D7532C74}
	EndGlobalSection
EndGlobal
